{
  "name": "listing7_9",
  "version": "1.0.0",
  "lockfileVersion": 2,
  "requires": true,
  "packages": {
    "": {
      "version": "1.0.0",
      "license": "MIT",
      "dependencies": {
        "github-flavored-markdown": "^1.0.1",
        "hogan": "^1.0.2"
      }
    },
    "node_modules/abbrev": {
      "version": "1.1.1",
      "resolved": "https://registry.npmjs.org/abbrev/-/abbrev-1.1.1.tgz",
      "integrity": "sha512-nne9/IiQ/hzIhY6pdDnbBtz7DjPTKrY00P/zvPSm5pOFkl6xuGrGnXn/VtTNNfNtAfZ9/1RtehkszU9qcTii0Q=="
    },
    "node_modules/github-flavored-markdown": {
      "version": "1.0.1",
      "resolved": "https://registry.npmjs.org/github-flavored-markdown/-/github-flavored-markdown-1.0.1.tgz",
      "integrity": "sha1-kzYbh6McJXkNnIGht5ghSnN+qzg=",
      "deprecated": "This project is long out of date. Use 'marked' instead.",
      "engines": {
        "node": "*"
      }
    },
    "node_modules/hogan": {
      "version": "1.0.2",
      "resolved": "https://registry.npmjs.org/hogan/-/hogan-1.0.2.tgz",
      "integrity": "sha1-2NXlf64Od4ez4B4UJW+dWIoj0fA=",
      "dependencies": {
        "hogan.js": "*"
      }
    },
    "node_modules/hogan.js": {
      "version": "3.0.2",
      "resolved": "https://registry.npmjs.org/hogan.js/-/hogan.js-3.0.2.tgz",
      "integrity": "sha1-TNnhq9QpQUbnZ55B14mHMrAse/0=",
      "dependencies": {
        "mkdirp": "0.3.0",
        "nopt": "1.0.10"
      },
      "bin": {
        "hulk": "bin/hulk"
      }
    },
    "node_modules/mkdirp": {
      "version": "0.3.0",
      "resolved": "https://registry.npmjs.org/mkdirp/-/mkdirp-0.3.0.tgz",
      "integrity": "sha1-G79asbqCevI1dRQ0kEJkVfSB/h4=",
      "deprecated": "Legacy versions of mkdirp are no longer supported. Please update to mkdirp 1.x. (Note that the API surface has changed to use Promises in 1.x.)",
      "engines": {
        "node": "*"
      }
    },
    "node_modules/nopt": {
      "version": "1.0.10",
      "resolved": "https://registry.npmjs.org/nopt/-/nopt-1.0.10.tgz",
      "integrity": "sha1-bd0hvSoxQXuScn3Vhfim83YI6+4=",
      "dependencies": {
        "abbrev": "1"
      },
      "bin": {
        "nopt": "bin/nopt.js"
      },
      "engines": {
        "node": "*"
      }
    }
  },
  "dependencies": {
    "abbrev": {
      "version": "1.1.1",
      "resolved": "https://registry.npmjs.org/abbrev/-/abbrev-1.1.1.tgz",
      "integrity": "sha512-nne9/IiQ/hzIhY6pdDnbBtz7DjPTKrY00P/zvPSm5pOFkl6xuGrGnXn/VtTNNfNtAfZ9/1RtehkszU9qcTii0Q=="
    },
    "github-flavored-markdown": {
      "version": "1.0.1",
      "resolved": "https://registry.npmjs.org/github-flavored-markdown/-/github-flavored-markdown-1.0.1.tgz",
      "integrity": "sha1-kzYbh6McJXkNnIGht5ghSnN+qzg="
    },
    "hogan": {
      "version": "1.0.2",
      "resolved": "https://registry.npmjs.org/hogan/-/hogan-1.0.2.tgz",
      "integrity": "sha1-2NXlf64Od4ez4B4UJW+dWIoj0fA=",
      "requires": {
        "hogan.js": "*"
      }
    },
    "hogan.js": {
      "version": "3.0.2",
      "resolved": "https://registry.npmjs.org/hogan.js/-/hogan.js-3.0.2.tgz",
      "integrity": "sha1-TNnhq9QpQUbnZ55B14mHMrAse/0=",
      "requires": {
        "mkdirp": "0.3.0",
        "nopt": "1.0.10"
      }
    },
    "mkdirp": {
      "version": "0.3.0",
      "resolved": "https://registry.npmjs.org/mkdirp/-/mkdirp-0.3.0.tgz",
      "integrity": "sha1-G79asbqCevI1dRQ0kEJkVfSB/h4="
    },
    "nopt": {
      "version": "1.0.10",
      "resolved": "https://registry.npmjs.org/nopt/-/nopt-1.0.10.tgz",
      "integrity": "sha1-bd0hvSoxQXuScn3Vhfim83YI6+4=",
      "requires": {
        "abbrev": "1"
      }
    }
  }
}
